
Microsoft Visual Studio Solution File, Format Version 12.00
# Visual Studio Version 16
VisualStudioVersion = 16.0.31321.278
MinimumVisualStudioVersion = 10.0.40219.1
Project("{FAE04EC0-301F-11D3-BF4B-00C04F79EFBC}") = "CreateAndStartTask", "CreateAndStartTask\CreateAndStartTask.csproj", "{C3DB13EC-998B-421C-9B95-51EACEED8D79}"
EndProject
Global
	GlobalSection(SolutionConfigurationPlatforms) = preSolution
		Debug|Any CPU = Debug|Any CPU
		Release|Any CPU = Release|Any CPU
	EndGlobalSection
	GlobalSection(ProjectConfigurationPlatforms) = postSolution
		{C3DB13EC-998B-421C-9B95-51EACEED8D79}.Debug|Any CPU.ActiveCfg = Debug|Any CPU
		{C3DB13EC-998B-421C-9B95-51EACEED8D79}.Debug|Any CPU.Build.0 = Debug|Any CPU
		{C3DB13EC-998B-421C-9B95-51EACEED8D79}.Release|Any CPU.ActiveCfg = Release|Any CPU
		{C3DB13EC-998B-421C-9B95-51EACEED8D79}.Release|Any CPU.Build.0 = Release|Any CPU
	EndGlobalSection
	GlobalSection(SolutionProperties) = preSolution
		HideSolutionNode = FALSE
	EndGlobalSection
	GlobalSection(ExtensibilityGlobals) = postSolution
		SolutionGuid = {0D8ACCBE-0F9E-41CA-A57A-55F825C2105E}
	EndGlobalSection
EndGlobal
