
Microsoft Visual Studio Solution File, Format Version 12.00
# Visual Studio Version 16
VisualStudioVersion = 16.0.31321.278
MinimumVisualStudioVersion = 10.0.40219.1
Project("{9A19103F-16F7-4668-BE54-9A1E7A4F7556}") = "TaskProgramming", "CreateAndStartTask\TaskProgramming.csproj", "{C3DB13EC-998B-421C-9B95-51EACEED8D79}"
EndProject
Project("{9A19103F-16F7-4668-BE54-9A1E7A4F7556}") = "DataSharingAndSync", "DataSharingAndSync\DataSharingAndSync.csproj", "{55DC2937-FD14-4BB4-8E4B-27302339AD92}"
EndProject
Project("{9A19103F-16F7-4668-BE54-9A1E7A4F7556}") = "ConcurrentCollections", "ConcurrentCollections\ConcurrentCollections.csproj", "{7FC55FC0-4F7C-4ED7-A474-D35FAD6F172F}"
EndProject
Project("{FAE04EC0-301F-11D3-BF4B-00C04F79EFBC}") = "TaskCoordination", "TaskCoordination\TaskCoordination.csproj", "{4FB65FAA-4AAB-49FE-B7DC-95CF56DF3D07}"
EndProject
Global
	GlobalSection(SolutionConfigurationPlatforms) = preSolution
		Debug|Any CPU = Debug|Any CPU
		Release|Any CPU = Release|Any CPU
	EndGlobalSection
	GlobalSection(ProjectConfigurationPlatforms) = postSolution
		{C3DB13EC-998B-421C-9B95-51EACEED8D79}.Debug|Any CPU.ActiveCfg = Debug|Any CPU
		{C3DB13EC-998B-421C-9B95-51EACEED8D79}.Debug|Any CPU.Build.0 = Debug|Any CPU
		{C3DB13EC-998B-421C-9B95-51EACEED8D79}.Release|Any CPU.ActiveCfg = Release|Any CPU
		{C3DB13EC-998B-421C-9B95-51EACEED8D79}.Release|Any CPU.Build.0 = Release|Any CPU
		{55DC2937-FD14-4BB4-8E4B-27302339AD92}.Debug|Any CPU.ActiveCfg = Debug|Any CPU
		{55DC2937-FD14-4BB4-8E4B-27302339AD92}.Debug|Any CPU.Build.0 = Debug|Any CPU
		{55DC2937-FD14-4BB4-8E4B-27302339AD92}.Release|Any CPU.ActiveCfg = Release|Any CPU
		{55DC2937-FD14-4BB4-8E4B-27302339AD92}.Release|Any CPU.Build.0 = Release|Any CPU
		{7FC55FC0-4F7C-4ED7-A474-D35FAD6F172F}.Debug|Any CPU.ActiveCfg = Debug|Any CPU
		{7FC55FC0-4F7C-4ED7-A474-D35FAD6F172F}.Debug|Any CPU.Build.0 = Debug|Any CPU
		{7FC55FC0-4F7C-4ED7-A474-D35FAD6F172F}.Release|Any CPU.ActiveCfg = Release|Any CPU
		{7FC55FC0-4F7C-4ED7-A474-D35FAD6F172F}.Release|Any CPU.Build.0 = Release|Any CPU
		{4FB65FAA-4AAB-49FE-B7DC-95CF56DF3D07}.Debug|Any CPU.ActiveCfg = Debug|Any CPU
		{4FB65FAA-4AAB-49FE-B7DC-95CF56DF3D07}.Debug|Any CPU.Build.0 = Debug|Any CPU
		{4FB65FAA-4AAB-49FE-B7DC-95CF56DF3D07}.Release|Any CPU.ActiveCfg = Release|Any CPU
		{4FB65FAA-4AAB-49FE-B7DC-95CF56DF3D07}.Release|Any CPU.Build.0 = Release|Any CPU
	EndGlobalSection
	GlobalSection(SolutionProperties) = preSolution
		HideSolutionNode = FALSE
	EndGlobalSection
	GlobalSection(ExtensibilityGlobals) = postSolution
		SolutionGuid = {0D8ACCBE-0F9E-41CA-A57A-55F825C2105E}
	EndGlobalSection
EndGlobal
